
Microsoft Visual Studio Solution File, Format Version 12.00
# Visual Studio Version 17
VisualStudioVersion = 17.8.34525.116
MinimumVisualStudioVersion = 10.0.40219.1
Project("{FAE04EC0-301F-11D3-BF4B-00C04F79EFBC}") = "Getting_Started_With_C#", "Getting_Started_With_C#\Getting_Started_With_C#.csproj", "{080EB5F9-0548-4330-9111-57A5002C9E75}"
EndProject
Global
	GlobalSection(SolutionConfigurationPlatforms) = preSolution
		Debug|Any CPU = Debug|Any CPU
		Release|Any CPU = Release|Any CPU
	EndGlobalSection
	GlobalSection(ProjectConfigurationPlatforms) = postSolution
		{080EB5F9-0548-4330-9111-57A5002C9E75}.Debug|Any CPU.ActiveCfg = Debug|Any CPU
		{080EB5F9-0548-4330-9111-57A5002C9E75}.Debug|Any CPU.Build.0 = Debug|Any CPU
		{080EB5F9-0548-4330-9111-57A5002C9E75}.Release|Any CPU.ActiveCfg = Release|Any CPU
		{080EB5F9-0548-4330-9111-57A5002C9E75}.Release|Any CPU.Build.0 = Release|Any CPU
	EndGlobalSection
	GlobalSection(SolutionProperties) = preSolution
		HideSolutionNode = FALSE
	EndGlobalSection
	GlobalSection(ExtensibilityGlobals) = postSolution
		SolutionGuid = {96228B58-BEC9-4A05-9B78-8D6A28D244F4}
	EndGlobalSection
EndGlobal
